
Microsoft Visual Studio Solution File, Format Version 12.00
# Visual Studio 15
VisualStudioVersion = 15.0.26730.12
MinimumVisualStudioVersion = 10.0.40219.1
Project("{FAE04EC0-301F-11D3-BF4B-00C04F79EFBC}") = "XrmMoqTestConsole2016", "XrmMoqTestConsole2016\XrmMoqTestConsole2016.csproj", "{7F56FCCD-E302-4B39-95A2-2ED6DA2B0E05}"
EndProject
Project("{FAE04EC0-301F-11D3-BF4B-00C04F79EFBC}") = "XrmMoqTestConsole2016.Tests", "XrmMoqTestConsole2016.Tests\XrmMoqTestConsole2016.Tests.csproj", "{5FBFE65D-58D4-47F9-80BC-3F39DC10F9E5}"
EndProject
Project("{FAE04EC0-301F-11D3-BF4B-00C04F79EFBC}") = "XrmMoqTestPlugin2016", "XrmMoqTestPlugin2016\XrmMoqTestPlugin2016.csproj", "{F2637262-C655-4B7C-8C43-E7E19246A1FC}"
EndProject
Project("{FAE04EC0-301F-11D3-BF4B-00C04F79EFBC}") = "XrmMoqTestPlugin2016.Tests", "XrmMoqTestPlugin2016.Tests\XrmMoqTestPlugin2016.Tests.csproj", "{F97A8485-2C25-45DA-AB9D-5075BF909F41}"
EndProject
Project("{FAE04EC0-301F-11D3-BF4B-00C04F79EFBC}") = "XrmMoqTestWorkflow2016", "XrmMoqTestWorkflow2016\XrmMoqTestWorkflow2016.csproj", "{0141756A-5F9C-438F-A5C7-4D5CD8C73A0F}"
EndProject
Project("{FAE04EC0-301F-11D3-BF4B-00C04F79EFBC}") = "XrmMoqTestWorkflow2016.Tests", "XrmMoqTestWorkflow2016.Tests\XrmMoqTestWorkflow2016.Tests.csproj", "{43D0402A-4459-4864-B0DA-4DD60273A850}"
EndProject
Project("{FAE04EC0-301F-11D3-BF4B-00C04F79EFBC}") = "FakeItEasyTestPlugin365", "FakeItEasyTestPlugin365\FakeItEasyTestPlugin365.csproj", "{0A24C03F-37F9-4B15-BCF5-8EA91A8E9746}"
EndProject
Project("{FAE04EC0-301F-11D3-BF4B-00C04F79EFBC}") = "FakeXrmEasyTestPlugin365.Tests", "FakeItEasyTestPlugin365.Tests\FakeXrmEasyTestPlugin365.Tests.csproj", "{2BDFA8BA-BE14-4669-8A79-1C2CF9AE834F}"
EndProject
Global
	GlobalSection(SolutionConfigurationPlatforms) = preSolution
		Debug|Any CPU = Debug|Any CPU
		Release|Any CPU = Release|Any CPU
	EndGlobalSection
	GlobalSection(ProjectConfigurationPlatforms) = postSolution
		{7F56FCCD-E302-4B39-95A2-2ED6DA2B0E05}.Debug|Any CPU.ActiveCfg = Debug|Any CPU
		{7F56FCCD-E302-4B39-95A2-2ED6DA2B0E05}.Debug|Any CPU.Build.0 = Debug|Any CPU
		{7F56FCCD-E302-4B39-95A2-2ED6DA2B0E05}.Release|Any CPU.ActiveCfg = Release|Any CPU
		{7F56FCCD-E302-4B39-95A2-2ED6DA2B0E05}.Release|Any CPU.Build.0 = Release|Any CPU
		{5FBFE65D-58D4-47F9-80BC-3F39DC10F9E5}.Debug|Any CPU.ActiveCfg = Debug|Any CPU
		{5FBFE65D-58D4-47F9-80BC-3F39DC10F9E5}.Debug|Any CPU.Build.0 = Debug|Any CPU
		{5FBFE65D-58D4-47F9-80BC-3F39DC10F9E5}.Release|Any CPU.ActiveCfg = Release|Any CPU
		{5FBFE65D-58D4-47F9-80BC-3F39DC10F9E5}.Release|Any CPU.Build.0 = Release|Any CPU
		{F2637262-C655-4B7C-8C43-E7E19246A1FC}.Debug|Any CPU.ActiveCfg = Debug|Any CPU
		{F2637262-C655-4B7C-8C43-E7E19246A1FC}.Debug|Any CPU.Build.0 = Debug|Any CPU
		{F2637262-C655-4B7C-8C43-E7E19246A1FC}.Release|Any CPU.ActiveCfg = Release|Any CPU
		{F2637262-C655-4B7C-8C43-E7E19246A1FC}.Release|Any CPU.Build.0 = Release|Any CPU
		{F97A8485-2C25-45DA-AB9D-5075BF909F41}.Debug|Any CPU.ActiveCfg = Debug|Any CPU
		{F97A8485-2C25-45DA-AB9D-5075BF909F41}.Debug|Any CPU.Build.0 = Debug|Any CPU
		{F97A8485-2C25-45DA-AB9D-5075BF909F41}.Release|Any CPU.ActiveCfg = Release|Any CPU
		{F97A8485-2C25-45DA-AB9D-5075BF909F41}.Release|Any CPU.Build.0 = Release|Any CPU
		{0141756A-5F9C-438F-A5C7-4D5CD8C73A0F}.Debug|Any CPU.ActiveCfg = Debug|Any CPU
		{0141756A-5F9C-438F-A5C7-4D5CD8C73A0F}.Debug|Any CPU.Build.0 = Debug|Any CPU
		{0141756A-5F9C-438F-A5C7-4D5CD8C73A0F}.Release|Any CPU.ActiveCfg = Release|Any CPU
		{0141756A-5F9C-438F-A5C7-4D5CD8C73A0F}.Release|Any CPU.Build.0 = Release|Any CPU
		{43D0402A-4459-4864-B0DA-4DD60273A850}.Debug|Any CPU.ActiveCfg = Debug|Any CPU
		{43D0402A-4459-4864-B0DA-4DD60273A850}.Debug|Any CPU.Build.0 = Debug|Any CPU
		{43D0402A-4459-4864-B0DA-4DD60273A850}.Release|Any CPU.ActiveCfg = Release|Any CPU
		{43D0402A-4459-4864-B0DA-4DD60273A850}.Release|Any CPU.Build.0 = Release|Any CPU
		{0A24C03F-37F9-4B15-BCF5-8EA91A8E9746}.Debug|Any CPU.ActiveCfg = Debug|Any CPU
		{0A24C03F-37F9-4B15-BCF5-8EA91A8E9746}.Debug|Any CPU.Build.0 = Debug|Any CPU
		{0A24C03F-37F9-4B15-BCF5-8EA91A8E9746}.Release|Any CPU.ActiveCfg = Release|Any CPU
		{0A24C03F-37F9-4B15-BCF5-8EA91A8E9746}.Release|Any CPU.Build.0 = Release|Any CPU
		{2BDFA8BA-BE14-4669-8A79-1C2CF9AE834F}.Debug|Any CPU.ActiveCfg = Debug|Any CPU
		{2BDFA8BA-BE14-4669-8A79-1C2CF9AE834F}.Debug|Any CPU.Build.0 = Debug|Any CPU
		{2BDFA8BA-BE14-4669-8A79-1C2CF9AE834F}.Release|Any CPU.ActiveCfg = Release|Any CPU
		{2BDFA8BA-BE14-4669-8A79-1C2CF9AE834F}.Release|Any CPU.Build.0 = Release|Any CPU
	EndGlobalSection
	GlobalSection(SolutionProperties) = preSolution
		HideSolutionNode = FALSE
	EndGlobalSection
	GlobalSection(ExtensibilityGlobals) = postSolution
		SolutionGuid = {B6A3824E-2DD7-494C-B5F1-181707813358}
	EndGlobalSection
EndGlobal
